
Microsoft Visual Studio Solution File, Format Version 12.00
# Visual Studio Version 17
VisualStudioVersion = 17.3.32929.385
MinimumVisualStudioVersion = 10.0.40219.1
Project("{FAE04EC0-301F-11D3-BF4B-00C04F79EFBC}") = "indexArray", "indexArray\indexArray.csproj", "{3295E03E-F5BC-474A-831B-6E09668085BC}"
EndProject
Global
	GlobalSection(SolutionConfigurationPlatforms) = preSolution
		Debug|Any CPU = Debug|Any CPU
		Release|Any CPU = Release|Any CPU
	EndGlobalSection
	GlobalSection(ProjectConfigurationPlatforms) = postSolution
		{3295E03E-F5BC-474A-831B-6E09668085BC}.Debug|Any CPU.ActiveCfg = Debug|Any CPU
		{3295E03E-F5BC-474A-831B-6E09668085BC}.Debug|Any CPU.Build.0 = Debug|Any CPU
		{3295E03E-F5BC-474A-831B-6E09668085BC}.Release|Any CPU.ActiveCfg = Release|Any CPU
		{3295E03E-F5BC-474A-831B-6E09668085BC}.Release|Any CPU.Build.0 = Release|Any CPU
	EndGlobalSection
	GlobalSection(SolutionProperties) = preSolution
		HideSolutionNode = FALSE
	EndGlobalSection
	GlobalSection(ExtensibilityGlobals) = postSolution
		SolutionGuid = {630CBDBC-0698-4D94-AF25-46478D096246}
	EndGlobalSection
EndGlobal
