
Microsoft Visual Studio Solution File, Format Version 12.00
# Visual Studio Version 17
VisualStudioVersion = 17.3.32929.385
MinimumVisualStudioVersion = 10.0.40219.1
Project("{FAE04EC0-301F-11D3-BF4B-00C04F79EFBC}") = "hashedWords", "hashedWords\hashedWords.csproj", "{C03B18B5-B75C-49EB-B045-C5AA0A208952}"
EndProject
Global
	GlobalSection(SolutionConfigurationPlatforms) = preSolution
		Debug|Any CPU = Debug|Any CPU
		Release|Any CPU = Release|Any CPU
	EndGlobalSection
	GlobalSection(ProjectConfigurationPlatforms) = postSolution
		{C03B18B5-B75C-49EB-B045-C5AA0A208952}.Debug|Any CPU.ActiveCfg = Debug|Any CPU
		{C03B18B5-B75C-49EB-B045-C5AA0A208952}.Debug|Any CPU.Build.0 = Debug|Any CPU
		{C03B18B5-B75C-49EB-B045-C5AA0A208952}.Release|Any CPU.ActiveCfg = Release|Any CPU
		{C03B18B5-B75C-49EB-B045-C5AA0A208952}.Release|Any CPU.Build.0 = Release|Any CPU
	EndGlobalSection
	GlobalSection(SolutionProperties) = preSolution
		HideSolutionNode = FALSE
	EndGlobalSection
	GlobalSection(ExtensibilityGlobals) = postSolution
		SolutionGuid = {AD329785-D382-4872-8257-13133348A5D6}
	EndGlobalSection
EndGlobal
